
Microsoft Visual Studio Solution File, Format Version 12.00
# Visual Studio Version 17
VisualStudioVersion = 17.14.36301.6 d17.14
MinimumVisualStudioVersion = 10.0.40219.1
Project("{FAE04EC0-301F-11D3-BF4B-00C04F79EFBC}") = "ParlVirtualEntities", "ParlVirtualEntities.csproj", "{1899F02A-5B49-4E43-92A7-E56D0AA4B8BB}"
EndProject
Global
	GlobalSection(SolutionConfigurationPlatforms) = preSolution
		Debug|Any CPU = Debug|Any CPU
		Release|Any CPU = Release|Any CPU
	EndGlobalSection
	GlobalSection(ProjectConfigurationPlatforms) = postSolution
		{1899F02A-5B49-4E43-92A7-E56D0AA4B8BB}.Debug|Any CPU.ActiveCfg = Debug|Any CPU
		{1899F02A-5B49-4E43-92A7-E56D0AA4B8BB}.Debug|Any CPU.Build.0 = Debug|Any CPU
		{1899F02A-5B49-4E43-92A7-E56D0AA4B8BB}.Release|Any CPU.ActiveCfg = Release|Any CPU
		{1899F02A-5B49-4E43-92A7-E56D0AA4B8BB}.Release|Any CPU.Build.0 = Release|Any CPU
	EndGlobalSection
	GlobalSection(SolutionProperties) = preSolution
		HideSolutionNode = FALSE
	EndGlobalSection
	GlobalSection(ExtensibilityGlobals) = postSolution
		SolutionGuid = {5AA8E72A-33F9-480B-9A6C-F2BE73087CA6}
	EndGlobalSection
EndGlobal
